// !$*UTF8*$!
{
	archiveVersion = 1;
	classes = {
	};
	objectVersion = 77;
	objects = {

/* Begin PBXContainerItemProxy section */
		F948F4F92DA74B440012B7BC /* PBXContainerItemProxy */ = {
			isa = PBXContainerItemProxy;
			containerPortal = F948F4D72DA74B420012B7BC /* Project object */;
			proxyType = 1;
			remoteGlobalIDString = F948F4DE2DA74B420012B7BC;
			remoteInfo = OutdoorAdManager;
		};
		F948F5032DA74B440012B7BC /* PBXContainerItemProxy */ = {
			isa = PBXContainerItemProxy;
			containerPortal = F948F4D72DA74B420012B7BC /* Project object */;
			proxyType = 1;
			remoteGlobalIDString = F948F4DE2DA74B420012B7BC;
			remoteInfo = OutdoorAdManager;
		};
/* End PBXContainerItemProxy section */

/* Begin PBXFileReference section */
		F948F4DF2DA74B420012B7BC /* OutdoorAdManager.app */ = {isa = PBXFileReference; explicitFileType = wrapper.application; includeInIndex = 0; path = OutdoorAdManager.app; sourceTree = BUILT_PRODUCTS_DIR; };
		F948F4F82DA74B440012B7BC /* OutdoorAdManagerTests.xctest */ = {isa = PBXFileReference; explicitFileType = wrapper.cfbundle; includeInIndex = 0; path = OutdoorAdManagerTests.xctest; sourceTree = BUILT_PRODUCTS_DIR; };
		F948F5022DA74B440012B7BC /* OutdoorAdManagerUITests.xctest */ = {isa = PBXFileReference; explicitFileType = wrapper.cfbundle; includeInIndex = 0; path = OutdoorAdManagerUITests.xctest; sourceTree = BUILT_PRODUCTS_DIR; };
/* End PBXFileReference section */

/* Begin PBXFileSystemSynchronizedBuildFileExceptionSet section */
		F948F50A2DA74B440012B7BC /* Exceptions for "OutdoorAdManager" folder in "OutdoorAdManager" target */ = {
			isa = PBXFileSystemSynchronizedBuildFileExceptionSet;
			membershipExceptions = (
				Info.plist,
			);
			target = F948F4DE2DA74B420012B7BC /* OutdoorAdManager */;
		};
/* End PBXFileSystemSynchronizedBuildFileExceptionSet section */

/* Begin PBXFileSystemSynchronizedRootGroup section */
		F948F4E12DA74B420012B7BC /* OutdoorAdManager */ = {
			isa = PBXFileSystemSynchronizedRootGroup;
			exceptions = (
				F948F50A2DA74B440012B7BC /* Exceptions for "OutdoorAdManager" folder in "OutdoorAdManager" target */,
			);
			path = OutdoorAdManager;
			sourceTree = "<group>";
		};
		F948F4FB2DA74B440012B7BC /* OutdoorAdManagerTests */ = {
			isa = PBXFileSystemSynchronizedRootGroup;
			path = OutdoorAdManagerTests;
			sourceTree = "<group>";
		};
		F948F5052DA74B440012B7BC /* OutdoorAdManagerUITests */ = {
			isa = PBXFileSystemSynchronizedRootGroup;
			path = OutdoorAdManagerUITests;
			sourceTree = "<group>";
		};
/* End PBXFileSystemSynchronizedRootGroup section */

/* Begin PBXFrameworksBuildPhase section */
		F948F4DC2DA74B420012B7BC /* Frameworks */ = {
			isa = PBXFrameworksBuildPhase;
			buildActionMask = 2147483647;
			files = (
			);
			runOnlyForDeploymentPostprocessing = 0;
		};
		F948F4F52DA74B440012B7BC /* Frameworks */ = {
			isa = PBXFrameworksBuildPhase;
			buildActionMask = 2147483647;
			files = (
			);
			runOnlyForDeploymentPostprocessing = 0;
		};
		F948F4FF2DA74B440012B7BC /* Frameworks */ = {
			isa = PBXFrameworksBuildPhase;
			buildActionMask = 2147483647;
			files = (
			);
			runOnlyForDeploymentPostprocessing = 0;
		};
/* End PBXFrameworksBuildPhase section */

/* Begin PBXGroup section */
		F948F4D62DA74B420012B7BC = {
			isa = PBXGroup;
			children = (
				F948F4E12DA74B420012B7BC /* OutdoorAdManager */,
				F948F4FB2DA74B440012B7BC /* OutdoorAdManagerTests */,
				F948F5052DA74B440012B7BC /* OutdoorAdManagerUITests */,
				F948F4E02DA74B420012B7BC /* Products */,
			);
			sourceTree = "<group>";
		};
		F948F4E02DA74B420012B7BC /* Products */ = {
			isa = PBXGroup;
			children = (
				F948F4DF2DA74B420012B7BC /* OutdoorAdManager.app */,
				F948F4F82DA74B440012B7BC /* OutdoorAdManagerTests.xctest */,
				F948F5022DA74B440012B7BC /* OutdoorAdManagerUITests.xctest */,
			);
			name = Products;
			sourceTree = "<group>";
		};
/* End PBXGroup section */

/* Begin PBXNativeTarget section */
		F948F4DE2DA74B420012B7BC /* OutdoorAdManager */ = {
			isa = PBXNativeTarget;
			buildConfigurationList = F948F50B2DA74B440012B7BC /* Build configuration list for PBXNativeTarget "OutdoorAdManager" */;
			buildPhases = (
				F948F4DB2DA74B420012B7BC /* Sources */,
				F948F4DC2DA74B420012B7BC /* Frameworks */,
				F948F4DD2DA74B420012B7BC /* Resources */,
			);
			buildRules = (
			);
			dependencies = (
			);
			fileSystemSynchronizedGroups = (
				F948F4E12DA74B420012B7BC /* OutdoorAdManager */,
			);
			name = OutdoorAdManager;
			packageProductDependencies = (
			);
			productName = OutdoorAdManager;
			productReference = F948F4DF2DA74B420012B7BC /* OutdoorAdManager.app */;
			productType = "com.apple.product-type.application";
		};
		F948F4F72DA74B440012B7BC /* OutdoorAdManagerTests */ = {
			isa = PBXNativeTarget;
			buildConfigurationList = F948F5102DA74B440012B7BC /* Build configuration list for PBXNativeTarget "OutdoorAdManagerTests" */;
			buildPhases = (
				F948F4F42DA74B440012B7BC /* Sources */,
				F948F4F52DA74B440012B7BC /* Frameworks */,
				F948F4F62DA74B440012B7BC /* Resources */,
			);
			buildRules = (
			);
			dependencies = (
				F948F4FA2DA74B440012B7BC /* PBXTargetDependency */,
			);
			fileSystemSynchronizedGroups = (
				F948F4FB2DA74B440012B7BC /* OutdoorAdManagerTests */,
			);
			name = OutdoorAdManagerTests;
			packageProductDependencies = (
			);
			productName = OutdoorAdManagerTests;
			productReference = F948F4F82DA74B440012B7BC /* OutdoorAdManagerTests.xctest */;
			productType = "com.apple.product-type.bundle.unit-test";
		};
		F948F5012DA74B440012B7BC /* OutdoorAdManagerUITests */ = {
			isa = PBXNativeTarget;
			buildConfigurationList = F948F5132DA74B440012B7BC /* Build configuration list for PBXNativeTarget "OutdoorAdManagerUITests" */;
			buildPhases = (
				F948F4FE2DA74B440012B7BC /* Sources */,
				F948F4FF2DA74B440012B7BC /* Frameworks */,
				F948F5002DA74B440012B7BC /* Resources */,
			);
			buildRules = (
			);
			dependencies = (
				F948F5042DA74B440012B7BC /* PBXTargetDependency */,
			);
			fileSystemSynchronizedGroups = (
				F948F5052DA74B440012B7BC /* OutdoorAdManagerUITests */,
			);
			name = OutdoorAdManagerUITests;
			packageProductDependencies = (
			);
			productName = OutdoorAdManagerUITests;
			productReference = F948F5022DA74B440012B7BC /* OutdoorAdManagerUITests.xctest */;
			productType = "com.apple.product-type.bundle.ui-testing";
		};
/* End PBXNativeTarget section */

/* Begin PBXProject section */
		F948F4D72DA74B420012B7BC /* Project object */ = {
			isa = PBXProject;
			attributes = {
				BuildIndependentTargetsInParallel = 1;
				LastSwiftUpdateCheck = 1630;
				LastUpgradeCheck = 1630;
				TargetAttributes = {
					F948F4DE2DA74B420012B7BC = {
						CreatedOnToolsVersion = 16.3;
					};
					F948F4F72DA74B440012B7BC = {
						CreatedOnToolsVersion = 16.3;
						TestTargetID = F948F4DE2DA74B420012B7BC;
					};
					F948F5012DA74B440012B7BC = {
						CreatedOnToolsVersion = 16.3;
						TestTargetID = F948F4DE2DA74B420012B7BC;
					};
				};
			};
			buildConfigurationList = F948F4DA2DA74B420012B7BC /* Build configuration list for PBXProject "OutdoorAdManager" */;
			developmentRegion = en;
			hasScannedForEncodings = 0;
			knownRegions = (
				en,
				Base,
			);
			mainGroup = F948F4D62DA74B420012B7BC;
			minimizedProjectReferenceProxies = 1;
			preferredProjectObjectVersion = 77;
			productRefGroup = F948F4E02DA74B420012B7BC /* Products */;
			projectDirPath = "";
			projectRoot = "";
			targets = (
				F948F4DE2DA74B420012B7BC /* OutdoorAdManager */,
				F948F4F72DA74B440012B7BC /* OutdoorAdManagerTests */,
				F948F5012DA74B440012B7BC /* OutdoorAdManagerUITests */,
			);
		};
/* End PBXProject section */

/* Begin PBXResourcesBuildPhase section */
		F948F4DD2DA74B420012B7BC /* Resources */ = {
			isa = PBXResourcesBuildPhase;
			buildActionMask = 2147483647;
			files = (
			);
			runOnlyForDeploymentPostprocessing = 0;
		};
		F948F4F62DA74B440012B7BC /* Resources */ = {
			isa = PBXResourcesBuildPhase;
			buildActionMask = 2147483647;
			files = (
			);
			runOnlyForDeploymentPostprocessing = 0;
		};
		F948F5002DA74B440012B7BC /* Resources */ = {
			isa = PBXResourcesBuildPhase;
			buildActionMask = 2147483647;
			files = (
			);
			runOnlyForDeploymentPostprocessing = 0;
		};
/* End PBXResourcesBuildPhase section */

/* Begin PBXSourcesBuildPhase section */
		F948F4DB2DA74B420012B7BC /* Sources */ = {
			isa = PBXSourcesBuildPhase;
			buildActionMask = 2147483647;
			files = (
			);
			runOnlyForDeploymentPostprocessing = 0;
		};
		F948F4F42DA74B440012B7BC /* Sources */ = {
			isa = PBXSourcesBuildPhase;
			buildActionMask = 2147483647;
			files = (
			);
			runOnlyForDeploymentPostprocessing = 0;
		};
		F948F4FE2DA74B440012B7BC /* Sources */ = {
			isa = PBXSourcesBuildPhase;
			buildActionMask = 2147483647;
			files = (
			);
			runOnlyForDeploymentPostprocessing = 0;
		};
/* End PBXSourcesBuildPhase section */

/* Begin PBXTargetDependency section */
		F948F4FA2DA74B440012B7BC /* PBXTargetDependency */ = {
			isa = PBXTargetDependency;
			target = F948F4DE2DA74B420012B7BC /* OutdoorAdManager */;
			targetProxy = F948F4F92DA74B440012B7BC /* PBXContainerItemProxy */;
		};
		F948F5042DA74B440012B7BC /* PBXTargetDependency */ = {
			isa = PBXTargetDependency;
			target = F948F4DE2DA74B420012B7BC /* OutdoorAdManager */;
			targetProxy = F948F5032DA74B440012B7BC /* PBXContainerItemProxy */;
		};
/* End PBXTargetDependency section */

/* Begin XCBuildConfiguration section */
		F948F50C2DA74B440012B7BC /* Debug */ = {
			isa = XCBuildConfiguration;
			buildSettings = {
				ASSETCATALOG_COMPILER_APPICON_NAME = AppIcon;
				ASSETCATALOG_COMPILER_GLOBAL_ACCENT_COLOR_NAME = AccentColor;
				CODE_SIGN_STYLE = Automatic;
				CURRENT_PROJECT_VERSION = 1;
				DEVELOPMENT_TEAM = HZX5ZA887C;
				GENERATE_INFOPLIST_FILE = YES;
				INFOPLIST_FILE = OutdoorAdManager/Info.plist;
				INFOPLIST_KEY_UIApplicationSupportsIndirectInputEvents = YES;
				INFOPLIST_KEY_UILaunchStoryboardName = LaunchScreen;
				INFOPLIST_KEY_UIMainStoryboardFile = Main;
				INFOPLIST_KEY_UISupportedInterfaceOrientations_iPad = "UIInterfaceOrientationPortrait UIInterfaceOrientationPortraitUpsideDown UIInterfaceOrientationLandscapeLeft UIInterfaceOrientationLandscapeRight";
				INFOPLIST_KEY_UISupportedInterfaceOrientations_iPhone = "UIInterfaceOrientationPortrait UIInterfaceOrientationLandscapeLeft UIInterfaceOrientationLandscapeRight";
				LD_RUNPATH_SEARCH_PATHS = (
					"$(inherited)",
					"@executable_path/Frameworks",
				);
				MARKETING_VERSION = 1.0;
				PRODUCT_BUNDLE_IDENTIFIER = HuzenDevHouse.OutdoorAdManager;
				PRODUCT_NAME = "$(TARGET_NAME)";
				SWIFT_EMIT_LOC_STRINGS = YES;
				SWIFT_VERSION = 5.0;
				TARGETED_DEVICE_FAMILY = "1,2";
			};
			name = Debug;
		};
		F948F50D2DA74B440012B7BC /* Release */ = {
			isa = XCBuildConfiguration;
			buildSettings = {
				ASSETCATALOG_COMPILER_APPICON_NAME = AppIcon;
				ASSETCATALOG_COMPILER_GLOBAL_ACCENT_COLOR_NAME = AccentColor;
				CODE_SIGN_STYLE = Automatic;
				CURRENT_PROJECT_VERSION = 1;
				DEVELOPMENT_TEAM = HZX5ZA887C;
				GENERATE_INFOPLIST_FILE = YES;
				INFOPLIST_FILE = OutdoorAdManager/Info.plist;
				INFOPLIST_KEY_UIApplicationSupportsIndirectInputEvents = YES;
				INFOPLIST_KEY_UILaunchStoryboardName = LaunchScreen;
				INFOPLIST_KEY_UIMainStoryboardFile = Main;
				INFOPLIST_KEY_UISupportedInterfaceOrientations_iPad = "UIInterfaceOrientationPortrait UIInterfaceOrientationPortraitUpsideDown UIInterfaceOrientationLandscapeLeft UIInterfaceOrientationLandscapeRight";
				INFOPLIST_KEY_UISupportedInterfaceOrientations_iPhone = "UIInterfaceOrientationPortrait UIInterfaceOrientationLandscapeLeft UIInterfaceOrientationLandscapeRight";
				LD_RUNPATH_SEARCH_PATHS = (
					"$(inherited)",
					"@executable_path/Frameworks",
				);
				MARKETING_VERSION = 1.0;
				PRODUCT_BUNDLE_IDENTIFIER = HuzenDevHouse.OutdoorAdManager;
				PRODUCT_NAME = "$(TARGET_NAME)";
				SWIFT_EMIT_LOC_STRINGS = YES;
				SWIFT_VERSION = 5.0;
				TARGETED_DEVICE_FAMILY = "1,2";
			};
			name = Release;
		};
		F948F50E2DA74B440012B7BC /* Debug */ = {
			isa = XCBuildConfiguration;
			buildSettings = {
				ALWAYS_SEARCH_USER_PATHS = NO;
				ASSETCATALOG_COMPILER_GENERATE_SWIFT_ASSET_SYMBOL_EXTENSIONS = YES;
				CLANG_ANALYZER_NONNULL = YES;
				CLANG_ANALYZER_NUMBER_OBJECT_CONVERSION = YES_AGGRESSIVE;
				CLANG_CXX_LANGUAGE_STANDARD = "gnu++20";
				CLANG_ENABLE_MODULES = YES;
				CLANG_ENABLE_OBJC_ARC = YES;
				CLANG_ENABLE_OBJC_WEAK = YES;
				CLANG_WARN_BLOCK_CAPTURE_AUTORELEASING = YES;
				CLANG_WARN_BOOL_CONVERSION = YES;
				CLANG_WARN_COMMA = YES;
				CLANG_WARN_CONSTANT_CONVERSION = YES;
				CLANG_WARN_DEPRECATED_OBJC_IMPLEMENTATIONS = YES;
				CLANG_WARN_DIRECT_OBJC_ISA_USAGE = YES_ERROR;
				CLANG_WARN_DOCUMENTATION_COMMENTS = YES;
				CLANG_WARN_EMPTY_BODY = YES;
				CLANG_WARN_ENUM_CONVERSION = YES;
				CLANG_WARN_INFINITE_RECURSION = YES;
				CLANG_WARN_INT_CONVERSION = YES;
				CLANG_WARN_NON_LITERAL_NULL_CONVERSION = YES;
				CLANG_WARN_OBJC_IMPLICIT_RETAIN_SELF = YES;
				CLANG_WARN_OBJC_LITERAL_CONVERSION = YES;
				CLANG_WARN_OBJC_ROOT_CLASS = YES_ERROR;
				CLANG_WARN_QUOTED_INCLUDE_IN_FRAMEWORK_HEADER = YES;
				CLANG_WARN_RANGE_LOOP_ANALYSIS = YES;
				CLANG_WARN_STRICT_PROTOTYPES = YES;
				CLANG_WARN_SUSPICIOUS_MOVE = YES;
				CLANG_WARN_UNGUARDED_AVAILABILITY = YES_AGGRESSIVE;
				CLANG_WARN_UNREACHABLE_CODE = YES;
				CLANG_WARN__DUPLICATE_METHOD_MATCH = YES;
				COPY_PHASE_STRIP = NO;
				DEBUG_INFORMATION_FORMAT = dwarf;
				DEVELOPMENT_TEAM = HZX5ZA887C;
				ENABLE_STRICT_OBJC_MSGSEND = YES;
				ENABLE_TESTABILITY = YES;
				ENABLE_USER_SCRIPT_SANDBOXING = YES;
				GCC_C_LANGUAGE_STANDARD = gnu17;
				GCC_DYNAMIC_NO_PIC = NO;
				GCC_NO_COMMON_BLOCKS = YES;
				GCC_OPTIMIZATION_LEVEL = 0;
				GCC_PREPROCESSOR_DEFINITIONS = (
					"DEBUG=1",
					"$(inherited)",
				);
				GCC_WARN_64_TO_32_BIT_CONVERSION = YES;
				GCC_WARN_ABOUT_RETURN_TYPE = YES_ERROR;
				GCC_WARN_UNDECLARED_SELECTOR = YES;
				GCC_WARN_UNINITIALIZED_AUTOS = YES_AGGRESSIVE;
				GCC_WARN_UNUSED_FUNCTION = YES;
				GCC_WARN_UNUSED_VARIABLE = YES;
				IPHONEOS_DEPLOYMENT_TARGET = 18.4;
				LOCALIZATION_PREFERS_STRING_CATALOGS = YES;
				MTL_ENABLE_DEBUG_INFO = INCLUDE_SOURCE;
				MTL_FAST_MATH = YES;
				ONLY_ACTIVE_ARCH = YES;
				SDKROOT = iphoneos;
				SWIFT_ACTIVE_COMPILATION_CONDITIONS = "DEBUG $(inherited)";
				SWIFT_OPTIMIZATION_LEVEL = "-Onone";
			};
			name = Debug;
		};
		F948F50F2DA74B440012B7BC /* Release */ = {
			isa = XCBuildConfiguration;
			buildSettings = {
				ALWAYS_SEARCH_USER_PATHS = NO;
				ASSETCATALOG_COMPILER_GENERATE_SWIFT_ASSET_SYMBOL_EXTENSIONS = YES;
				CLANG_ANALYZER_NONNULL = YES;
				CLANG_ANALYZER_NUMBER_OBJECT_CONVERSION = YES_AGGRESSIVE;
				CLANG_CXX_LANGUAGE_STANDARD = "gnu++20";
				CLANG_ENABLE_MODULES = YES;
				CLANG_ENABLE_OBJC_ARC = YES;
				CLANG_ENABLE_OBJC_WEAK = YES;
				CLANG_WARN_BLOCK_CAPTURE_AUTORELEASING = YES;
				CLANG_WARN_BOOL_CONVERSION = YES;
				CLANG_WARN_COMMA = YES;
				CLANG_WARN_CONSTANT_CONVERSION = YES;
				CLANG_WARN_DEPRECATED_OBJC_IMPLEMENTATIONS = YES;
				CLANG_WARN_DIRECT_OBJC_ISA_USAGE = YES_ERROR;
				CLANG_WARN_DOCUMENTATION_COMMENTS = YES;
				CLANG_WARN_EMPTY_BODY = YES;
				CLANG_WARN_ENUM_CONVERSION = YES;
				CLANG_WARN_INFINITE_RECURSION = YES;
				CLANG_WARN_INT_CONVERSION = YES;
				CLANG_WARN_NON_LITERAL_NULL_CONVERSION = YES;
				CLANG_WARN_OBJC_IMPLICIT_RETAIN_SELF = YES;
				CLANG_WARN_OBJC_LITERAL_CONVERSION = YES;
				CLANG_WARN_OBJC_ROOT_CLASS = YES_ERROR;
				CLANG_WARN_QUOTED_INCLUDE_IN_FRAMEWORK_HEADER = YES;
				CLANG_WARN_RANGE_LOOP_ANALYSIS = YES;
				CLANG_WARN_STRICT_PROTOTYPES = YES;
				CLANG_WARN_SUSPICIOUS_MOVE = YES;
				CLANG_WARN_UNGUARDED_AVAILABILITY = YES_AGGRESSIVE;
				CLANG_WARN_UNREACHABLE_CODE = YES;
				CLANG_WARN__DUPLICATE_METHOD_MATCH = YES;
				COPY_PHASE_STRIP = NO;
				DEBUG_INFORMATION_FORMAT = "dwarf-with-dsym";
				DEVELOPMENT_TEAM = HZX5ZA887C;
				ENABLE_NS_ASSERTIONS = NO;
				ENABLE_STRICT_OBJC_MSGSEND = YES;
				ENABLE_USER_SCRIPT_SANDBOXING = YES;
				GCC_C_LANGUAGE_STANDARD = gnu17;
				GCC_NO_COMMON_BLOCKS = YES;
				GCC_WARN_64_TO_32_BIT_CONVERSION = YES;
				GCC_WARN_ABOUT_RETURN_TYPE = YES_ERROR;
				GCC_WARN_UNDECLARED_SELECTOR = YES;
				GCC_WARN_UNINITIALIZED_AUTOS = YES_AGGRESSIVE;
				GCC_WARN_UNUSED_FUNCTION = YES;
				GCC_WARN_UNUSED_VARIABLE = YES;
				IPHONEOS_DEPLOYMENT_TARGET = 18.4;
				LOCALIZATION_PREFERS_STRING_CATALOGS = YES;
				MTL_ENABLE_DEBUG_INFO = NO;
				MTL_FAST_MATH = YES;
				SDKROOT = iphoneos;
				SWIFT_COMPILATION_MODE = wholemodule;
				VALIDATE_PRODUCT = YES;
			};
			name = Release;
		};
		F948F5112DA74B440012B7BC /* Debug */ = {
			isa = XCBuildConfiguration;
			buildSettings = {
				BUNDLE_LOADER = "$(TEST_HOST)";
				CODE_SIGN_STYLE = Automatic;
				CURRENT_PROJECT_VERSION = 1;
				DEVELOPMENT_TEAM = HZX5ZA887C;
				GENERATE_INFOPLIST_FILE = YES;
				IPHONEOS_DEPLOYMENT_TARGET = 18.4;
				MARKETING_VERSION = 1.0;
				PRODUCT_BUNDLE_IDENTIFIER = HuzenDevHouse.OutdoorAdManagerTests;
				PRODUCT_NAME = "$(TARGET_NAME)";
				SWIFT_EMIT_LOC_STRINGS = NO;
				SWIFT_VERSION = 5.0;
				TARGETED_DEVICE_FAMILY = "1,2";
				TEST_HOST = "$(BUILT_PRODUCTS_DIR)/OutdoorAdManager.app/$(BUNDLE_EXECUTABLE_FOLDER_PATH)/OutdoorAdManager";
			};
			name = Debug;
		};
		F948F5122DA74B440012B7BC /* Release */ = {
			isa = XCBuildConfiguration;
			buildSettings = {
				BUNDLE_LOADER = "$(TEST_HOST)";
				CODE_SIGN_STYLE = Automatic;
				CURRENT_PROJECT_VERSION = 1;
				DEVELOPMENT_TEAM = HZX5ZA887C;
				GENERATE_INFOPLIST_FILE = YES;
				IPHONEOS_DEPLOYMENT_TARGET = 18.4;
				MARKETING_VERSION = 1.0;
				PRODUCT_BUNDLE_IDENTIFIER = HuzenDevHouse.OutdoorAdManagerTests;
				PRODUCT_NAME = "$(TARGET_NAME)";
				SWIFT_EMIT_LOC_STRINGS = NO;
				SWIFT_VERSION = 5.0;
				TARGETED_DEVICE_FAMILY = "1,2";
				TEST_HOST = "$(BUILT_PRODUCTS_DIR)/OutdoorAdManager.app/$(BUNDLE_EXECUTABLE_FOLDER_PATH)/OutdoorAdManager";
			};
			name = Release;
		};
		F948F5142DA74B440012B7BC /* Debug */ = {
			isa = XCBuildConfiguration;
			buildSettings = {
				CODE_SIGN_STYLE = Automatic;
				CURRENT_PROJECT_VERSION = 1;
				DEVELOPMENT_TEAM = HZX5ZA887C;
				GENERATE_INFOPLIST_FILE = YES;
				MARKETING_VERSION = 1.0;
				PRODUCT_BUNDLE_IDENTIFIER = HuzenDevHouse.OutdoorAdManagerUITests;
				PRODUCT_NAME = "$(TARGET_NAME)";
				SWIFT_EMIT_LOC_STRINGS = NO;
				SWIFT_VERSION = 5.0;
				TARGETED_DEVICE_FAMILY = "1,2";
				TEST_TARGET_NAME = OutdoorAdManager;
			};
			name = Debug;
		};
		F948F5152DA74B440012B7BC /* Release */ = {
			isa = XCBuildConfiguration;
			buildSettings = {
				CODE_SIGN_STYLE = Automatic;
				CURRENT_PROJECT_VERSION = 1;
				DEVELOPMENT_TEAM = HZX5ZA887C;
				GENERATE_INFOPLIST_FILE = YES;
				MARKETING_VERSION = 1.0;
				PRODUCT_BUNDLE_IDENTIFIER = HuzenDevHouse.OutdoorAdManagerUITests;
				PRODUCT_NAME = "$(TARGET_NAME)";
				SWIFT_EMIT_LOC_STRINGS = NO;
				SWIFT_VERSION = 5.0;
				TARGETED_DEVICE_FAMILY = "1,2";
				TEST_TARGET_NAME = OutdoorAdManager;
			};
			name = Release;
		};
/* End XCBuildConfiguration section */

/* Begin XCConfigurationList section */
		F948F4DA2DA74B420012B7BC /* Build configuration list for PBXProject "OutdoorAdManager" */ = {
			isa = XCConfigurationList;
			buildConfigurations = (
				F948F50E2DA74B440012B7BC /* Debug */,
				F948F50F2DA74B440012B7BC /* Release */,
			);
			defaultConfigurationIsVisible = 0;
			defaultConfigurationName = Release;
		};
		F948F50B2DA74B440012B7BC /* Build configuration list for PBXNativeTarget "OutdoorAdManager" */ = {
			isa = XCConfigurationList;
			buildConfigurations = (
				F948F50C2DA74B440012B7BC /* Debug */,
				F948F50D2DA74B440012B7BC /* Release */,
			);
			defaultConfigurationIsVisible = 0;
			defaultConfigurationName = Release;
		};
		F948F5102DA74B440012B7BC /* Build configuration list for PBXNativeTarget "OutdoorAdManagerTests" */ = {
			isa = XCConfigurationList;
			buildConfigurations = (
				F948F5112DA74B440012B7BC /* Debug */,
				F948F5122DA74B440012B7BC /* Release */,
			);
			defaultConfigurationIsVisible = 0;
			defaultConfigurationName = Release;
		};
		F948F5132DA74B440012B7BC /* Build configuration list for PBXNativeTarget "OutdoorAdManagerUITests" */ = {
			isa = XCConfigurationList;
			buildConfigurations = (
				F948F5142DA74B440012B7BC /* Debug */,
				F948F5152DA74B440012B7BC /* Release */,
			);
			defaultConfigurationIsVisible = 0;
			defaultConfigurationName = Release;
		};
/* End XCConfigurationList section */
	};
	rootObject = F948F4D72DA74B420012B7BC /* Project object */;
}
