// !$*UTF8*$!
{
	archiveVersion = 1;
	classes = {
	};
	objectVersion = 77;
	objects = {

/* Begin PBXContainerItemProxy section */
		F902A43E2DA4B4FB00ADFD20 /* PBXContainerItemProxy */ = {
			isa = PBXContainerItemProxy;
			containerPortal = F902A41C2DA4B4FA00ADFD20 /* Project object */;
			proxyType = 1;
			remoteGlobalIDString = F902A4232DA4B4FA00ADFD20;
			remoteInfo = OutdoorAdManager;
		};
		F902A4482DA4B4FB00ADFD20 /* PBXContainerItemProxy */ = {
			isa = PBXContainerItemProxy;
			containerPortal = F902A41C2DA4B4FA00ADFD20 /* Project object */;
			proxyType = 1;
			remoteGlobalIDString = F902A4232DA4B4FA00ADFD20;
			remoteInfo = OutdoorAdManager;
		};
/* End PBXContainerItemProxy section */

/* Begin PBXFileReference section */
		F902A4242DA4B4FA00ADFD20 /* OutdoorAdManager.app */ = {isa = PBXFileReference; explicitFileType = wrapper.application; includeInIndex = 0; path = OutdoorAdManager.app; sourceTree = BUILT_PRODUCTS_DIR; };
		F902A43D2DA4B4FB00ADFD20 /* OutdoorAdManagerTests.xctest */ = {isa = PBXFileReference; explicitFileType = wrapper.cfbundle; includeInIndex = 0; path = OutdoorAdManagerTests.xctest; sourceTree = BUILT_PRODUCTS_DIR; };
		F902A4472DA4B4FB00ADFD20 /* OutdoorAdManagerUITests.xctest */ = {isa = PBXFileReference; explicitFileType = wrapper.cfbundle; includeInIndex = 0; path = OutdoorAdManagerUITests.xctest; sourceTree = BUILT_PRODUCTS_DIR; };
/* End PBXFileReference section */

/* Begin PBXFileSystemSynchronizedBuildFileExceptionSet section */
		F902A44F2DA4B4FB00ADFD20 /* Exceptions for "OutdoorAdManager" folder in "OutdoorAdManager" target */ = {
			isa = PBXFileSystemSynchronizedBuildFileExceptionSet;
			membershipExceptions = (
				Info.plist,
				SupportingFiles/Info.plist,
			);
			target = F902A4232DA4B4FA00ADFD20 /* OutdoorAdManager */;
		};
/* End PBXFileSystemSynchronizedBuildFileExceptionSet section */

/* Begin PBXFileSystemSynchronizedRootGroup section */
		F902A4262DA4B4FA00ADFD20 /* OutdoorAdManager */ = {
			isa = PBXFileSystemSynchronizedRootGroup;
			exceptions = (
				F902A44F2DA4B4FB00ADFD20 /* Exceptions for "OutdoorAdManager" folder in "OutdoorAdManager" target */,
			);
			path = OutdoorAdManager;
			sourceTree = "<group>";
		};
		F902A4402DA4B4FB00ADFD20 /* OutdoorAdManagerTests */ = {
			isa = PBXFileSystemSynchronizedRootGroup;
			path = OutdoorAdManagerTests;
			sourceTree = "<group>";
		};
		F902A44A2DA4B4FB00ADFD20 /* OutdoorAdManagerUITests */ = {
			isa = PBXFileSystemSynchronizedRootGroup;
			path = OutdoorAdManagerUITests;
			sourceTree = "<group>";
		};
/* End PBXFileSystemSynchronizedRootGroup section */

/* Begin PBXFrameworksBuildPhase section */
		F902A4212DA4B4FA00ADFD20 /* Frameworks */ = {
			isa = PBXFrameworksBuildPhase;
			buildActionMask = 2147483647;
			files = (
			);
			runOnlyForDeploymentPostprocessing = 0;
		};
		F902A43A2DA4B4FB00ADFD20 /* Frameworks */ = {
			isa = PBXFrameworksBuildPhase;
			buildActionMask = 2147483647;
			files = (
			);
			runOnlyForDeploymentPostprocessing = 0;
		};
		F902A4442DA4B4FB00ADFD20 /* Frameworks */ = {
			isa = PBXFrameworksBuildPhase;
			buildActionMask = 2147483647;
			files = (
			);
			runOnlyForDeploymentPostprocessing = 0;
		};
/* End PBXFrameworksBuildPhase section */

/* Begin PBXGroup section */
		F902A41B2DA4B4FA00ADFD20 = {
			isa = PBXGroup;
			children = (
				F902A4262DA4B4FA00ADFD20 /* OutdoorAdManager */,
				F902A4402DA4B4FB00ADFD20 /* OutdoorAdManagerTests */,
				F902A44A2DA4B4FB00ADFD20 /* OutdoorAdManagerUITests */,
				F902A4252DA4B4FA00ADFD20 /* Products */,
			);
			sourceTree = "<group>";
		};
		F902A4252DA4B4FA00ADFD20 /* Products */ = {
			isa = PBXGroup;
			children = (
				F902A4242DA4B4FA00ADFD20 /* OutdoorAdManager.app */,
				F902A43D2DA4B4FB00ADFD20 /* OutdoorAdManagerTests.xctest */,
				F902A4472DA4B4FB00ADFD20 /* OutdoorAdManagerUITests.xctest */,
			);
			name = Products;
			sourceTree = "<group>";
		};
/* End PBXGroup section */

/* Begin PBXNativeTarget section */
		F902A4232DA4B4FA00ADFD20 /* OutdoorAdManager */ = {
			isa = PBXNativeTarget;
			buildConfigurationList = F902A4502DA4B4FB00ADFD20 /* Build configuration list for PBXNativeTarget "OutdoorAdManager" */;
			buildPhases = (
				F902A4202DA4B4FA00ADFD20 /* Sources */,
				F902A4212DA4B4FA00ADFD20 /* Frameworks */,
				F902A4222DA4B4FA00ADFD20 /* Resources */,
			);
			buildRules = (
			);
			dependencies = (
			);
			fileSystemSynchronizedGroups = (
				F902A4262DA4B4FA00ADFD20 /* OutdoorAdManager */,
			);
			name = OutdoorAdManager;
			packageProductDependencies = (
			);
			productName = OutdoorAdManager;
			productReference = F902A4242DA4B4FA00ADFD20 /* OutdoorAdManager.app */;
			productType = "com.apple.product-type.application";
		};
		F902A43C2DA4B4FB00ADFD20 /* OutdoorAdManagerTests */ = {
			isa = PBXNativeTarget;
			buildConfigurationList = F902A4552DA4B4FB00ADFD20 /* Build configuration list for PBXNativeTarget "OutdoorAdManagerTests" */;
			buildPhases = (
				F902A4392DA4B4FB00ADFD20 /* Sources */,
				F902A43A2DA4B4FB00ADFD20 /* Frameworks */,
				F902A43B2DA4B4FB00ADFD20 /* Resources */,
			);
			buildRules = (
			);
			dependencies = (
				F902A43F2DA4B4FB00ADFD20 /* PBXTargetDependency */,
			);
			fileSystemSynchronizedGroups = (
				F902A4402DA4B4FB00ADFD20 /* OutdoorAdManagerTests */,
			);
			name = OutdoorAdManagerTests;
			packageProductDependencies = (
			);
			productName = OutdoorAdManagerTests;
			productReference = F902A43D2DA4B4FB00ADFD20 /* OutdoorAdManagerTests.xctest */;
			productType = "com.apple.product-type.bundle.unit-test";
		};
		F902A4462DA4B4FB00ADFD20 /* OutdoorAdManagerUITests */ = {
			isa = PBXNativeTarget;
			buildConfigurationList = F902A4582DA4B4FB00ADFD20 /* Build configuration list for PBXNativeTarget "OutdoorAdManagerUITests" */;
			buildPhases = (
				F902A4432DA4B4FB00ADFD20 /* Sources */,
				F902A4442DA4B4FB00ADFD20 /* Frameworks */,
				F902A4452DA4B4FB00ADFD20 /* Resources */,
			);
			buildRules = (
			);
			dependencies = (
				F902A4492DA4B4FB00ADFD20 /* PBXTargetDependency */,
			);
			fileSystemSynchronizedGroups = (
				F902A44A2DA4B4FB00ADFD20 /* OutdoorAdManagerUITests */,
			);
			name = OutdoorAdManagerUITests;
			packageProductDependencies = (
			);
			productName = OutdoorAdManagerUITests;
			productReference = F902A4472DA4B4FB00ADFD20 /* OutdoorAdManagerUITests.xctest */;
			productType = "com.apple.product-type.bundle.ui-testing";
		};
/* End PBXNativeTarget section */

/* Begin PBXProject section */
		F902A41C2DA4B4FA00ADFD20 /* Project object */ = {
			isa = PBXProject;
			attributes = {
				BuildIndependentTargetsInParallel = 1;
				LastSwiftUpdateCheck = 1630;
				LastUpgradeCheck = 1630;
				TargetAttributes = {
					F902A4232DA4B4FA00ADFD20 = {
						CreatedOnToolsVersion = 16.3;
					};
					F902A43C2DA4B4FB00ADFD20 = {
						CreatedOnToolsVersion = 16.3;
						TestTargetID = F902A4232DA4B4FA00ADFD20;
					};
					F902A4462DA4B4FB00ADFD20 = {
						CreatedOnToolsVersion = 16.3;
						TestTargetID = F902A4232DA4B4FA00ADFD20;
					};
				};
			};
			buildConfigurationList = F902A41F2DA4B4FA00ADFD20 /* Build configuration list for PBXProject "OutdoorAdManager" */;
			developmentRegion = en;
			hasScannedForEncodings = 0;
			knownRegions = (
				en,
				Base,
			);
			mainGroup = F902A41B2DA4B4FA00ADFD20;
			minimizedProjectReferenceProxies = 1;
			preferredProjectObjectVersion = 77;
			productRefGroup = F902A4252DA4B4FA00ADFD20 /* Products */;
			projectDirPath = "";
			projectRoot = "";
			targets = (
				F902A4232DA4B4FA00ADFD20 /* OutdoorAdManager */,
				F902A43C2DA4B4FB00ADFD20 /* OutdoorAdManagerTests */,
				F902A4462DA4B4FB00ADFD20 /* OutdoorAdManagerUITests */,
			);
		};
/* End PBXProject section */

/* Begin PBXResourcesBuildPhase section */
		F902A4222DA4B4FA00ADFD20 /* Resources */ = {
			isa = PBXResourcesBuildPhase;
			buildActionMask = 2147483647;
			files = (
			);
			runOnlyForDeploymentPostprocessing = 0;
		};
		F902A43B2DA4B4FB00ADFD20 /* Resources */ = {
			isa = PBXResourcesBuildPhase;
			buildActionMask = 2147483647;
			files = (
			);
			runOnlyForDeploymentPostprocessing = 0;
		};
		F902A4452DA4B4FB00ADFD20 /* Resources */ = {
			isa = PBXResourcesBuildPhase;
			buildActionMask = 2147483647;
			files = (
			);
			runOnlyForDeploymentPostprocessing = 0;
		};
/* End PBXResourcesBuildPhase section */

/* Begin PBXSourcesBuildPhase section */
		F902A4202DA4B4FA00ADFD20 /* Sources */ = {
			isa = PBXSourcesBuildPhase;
			buildActionMask = 2147483647;
			files = (
			);
			runOnlyForDeploymentPostprocessing = 0;
		};
		F902A4392DA4B4FB00ADFD20 /* Sources */ = {
			isa = PBXSourcesBuildPhase;
			buildActionMask = 2147483647;
			files = (
			);
			runOnlyForDeploymentPostprocessing = 0;
		};
		F902A4432DA4B4FB00ADFD20 /* Sources */ = {
			isa = PBXSourcesBuildPhase;
			buildActionMask = 2147483647;
			files = (
			);
			runOnlyForDeploymentPostprocessing = 0;
		};
/* End PBXSourcesBuildPhase section */

/* Begin PBXTargetDependency section */
		F902A43F2DA4B4FB00ADFD20 /* PBXTargetDependency */ = {
			isa = PBXTargetDependency;
			target = F902A4232DA4B4FA00ADFD20 /* OutdoorAdManager */;
			targetProxy = F902A43E2DA4B4FB00ADFD20 /* PBXContainerItemProxy */;
		};
		F902A4492DA4B4FB00ADFD20 /* PBXTargetDependency */ = {
			isa = PBXTargetDependency;
			target = F902A4232DA4B4FA00ADFD20 /* OutdoorAdManager */;
			targetProxy = F902A4482DA4B4FB00ADFD20 /* PBXContainerItemProxy */;
		};
/* End PBXTargetDependency section */

/* Begin XCBuildConfiguration section */
		F902A4512DA4B4FB00ADFD20 /* Debug */ = {
			isa = XCBuildConfiguration;
			buildSettings = {
				ASSETCATALOG_COMPILER_APPICON_NAME = AppIcon;
				ASSETCATALOG_COMPILER_GLOBAL_ACCENT_COLOR_NAME = AccentColor;
				CODE_SIGN_STYLE = Automatic;
				CURRENT_PROJECT_VERSION = 1;
				DEVELOPMENT_TEAM = HZX5ZA887C;
				GENERATE_INFOPLIST_FILE = YES;
				INFOPLIST_FILE = OutdoorAdManager/Info.plist;
				INFOPLIST_KEY_UIApplicationSupportsIndirectInputEvents = YES;
				INFOPLIST_KEY_UILaunchStoryboardName = LaunchScreen;
				INFOPLIST_KEY_UIMainStoryboardFile = Main;
				INFOPLIST_KEY_UISupportedInterfaceOrientations_iPad = "UIInterfaceOrientationPortrait UIInterfaceOrientationPortraitUpsideDown UIInterfaceOrientationLandscapeLeft UIInterfaceOrientationLandscapeRight";
				INFOPLIST_KEY_UISupportedInterfaceOrientations_iPhone = "UIInterfaceOrientationPortrait UIInterfaceOrientationLandscapeLeft UIInterfaceOrientationLandscapeRight";
				LD_RUNPATH_SEARCH_PATHS = (
					"$(inherited)",
					"@executable_path/Frameworks",
				);
				MARKETING_VERSION = 1.0;
				PRODUCT_BUNDLE_IDENTIFIER = HuzenDevHouse.OutdoorAdManager;
				PRODUCT_NAME = "$(TARGET_NAME)";
				SWIFT_EMIT_LOC_STRINGS = YES;
				SWIFT_VERSION = 5.0;
				TARGETED_DEVICE_FAMILY = "1,2";
			};
			name = Debug;
		};
		F902A4522DA4B4FB00ADFD20 /* Release */ = {
			isa = XCBuildConfiguration;
			buildSettings = {
				ASSETCATALOG_COMPILER_APPICON_NAME = AppIcon;
				ASSETCATALOG_COMPILER_GLOBAL_ACCENT_COLOR_NAME = AccentColor;
				CODE_SIGN_STYLE = Automatic;
				CURRENT_PROJECT_VERSION = 1;
				DEVELOPMENT_TEAM = HZX5ZA887C;
				GENERATE_INFOPLIST_FILE = YES;
				INFOPLIST_FILE = OutdoorAdManager/Info.plist;
				INFOPLIST_KEY_UIApplicationSupportsIndirectInputEvents = YES;
				INFOPLIST_KEY_UILaunchStoryboardName = LaunchScreen;
				INFOPLIST_KEY_UIMainStoryboardFile = Main;
				INFOPLIST_KEY_UISupportedInterfaceOrientations_iPad = "UIInterfaceOrientationPortrait UIInterfaceOrientationPortraitUpsideDown UIInterfaceOrientationLandscapeLeft UIInterfaceOrientationLandscapeRight";
				INFOPLIST_KEY_UISupportedInterfaceOrientations_iPhone = "UIInterfaceOrientationPortrait UIInterfaceOrientationLandscapeLeft UIInterfaceOrientationLandscapeRight";
				LD_RUNPATH_SEARCH_PATHS = (
					"$(inherited)",
					"@executable_path/Frameworks",
				);
				MARKETING_VERSION = 1.0;
				PRODUCT_BUNDLE_IDENTIFIER = HuzenDevHouse.OutdoorAdManager;
				PRODUCT_NAME = "$(TARGET_NAME)";
				SWIFT_EMIT_LOC_STRINGS = YES;
				SWIFT_VERSION = 5.0;
				TARGETED_DEVICE_FAMILY = "1,2";
			};
			name = Release;
		};
		F902A4532DA4B4FB00ADFD20 /* Debug */ = {
			isa = XCBuildConfiguration;
			buildSettings = {
				ALWAYS_SEARCH_USER_PATHS = NO;
				ASSETCATALOG_COMPILER_GENERATE_SWIFT_ASSET_SYMBOL_EXTENSIONS = YES;
				CLANG_ANALYZER_NONNULL = YES;
				CLANG_ANALYZER_NUMBER_OBJECT_CONVERSION = YES_AGGRESSIVE;
				CLANG_CXX_LANGUAGE_STANDARD = "gnu++20";
				CLANG_ENABLE_MODULES = YES;
				CLANG_ENABLE_OBJC_ARC = YES;
				CLANG_ENABLE_OBJC_WEAK = YES;
				CLANG_WARN_BLOCK_CAPTURE_AUTORELEASING = YES;
				CLANG_WARN_BOOL_CONVERSION = YES;
				CLANG_WARN_COMMA = YES;
				CLANG_WARN_CONSTANT_CONVERSION = YES;
				CLANG_WARN_DEPRECATED_OBJC_IMPLEMENTATIONS = YES;
				CLANG_WARN_DIRECT_OBJC_ISA_USAGE = YES_ERROR;
				CLANG_WARN_DOCUMENTATION_COMMENTS = YES;
				CLANG_WARN_EMPTY_BODY = YES;
				CLANG_WARN_ENUM_CONVERSION = YES;
				CLANG_WARN_INFINITE_RECURSION = YES;
				CLANG_WARN_INT_CONVERSION = YES;
				CLANG_WARN_NON_LITERAL_NULL_CONVERSION = YES;
				CLANG_WARN_OBJC_IMPLICIT_RETAIN_SELF = YES;
				CLANG_WARN_OBJC_LITERAL_CONVERSION = YES;
				CLANG_WARN_OBJC_ROOT_CLASS = YES_ERROR;
				CLANG_WARN_QUOTED_INCLUDE_IN_FRAMEWORK_HEADER = YES;
				CLANG_WARN_RANGE_LOOP_ANALYSIS = YES;
				CLANG_WARN_STRICT_PROTOTYPES = YES;
				CLANG_WARN_SUSPICIOUS_MOVE = YES;
				CLANG_WARN_UNGUARDED_AVAILABILITY = YES_AGGRESSIVE;
				CLANG_WARN_UNREACHABLE_CODE = YES;
				CLANG_WARN__DUPLICATE_METHOD_MATCH = YES;
				COPY_PHASE_STRIP = NO;
				DEBUG_INFORMATION_FORMAT = dwarf;
				DEVELOPMENT_TEAM = HZX5ZA887C;
				ENABLE_STRICT_OBJC_MSGSEND = YES;
				ENABLE_TESTABILITY = YES;
				ENABLE_USER_SCRIPT_SANDBOXING = YES;
				GCC_C_LANGUAGE_STANDARD = gnu17;
				GCC_DYNAMIC_NO_PIC = NO;
				GCC_NO_COMMON_BLOCKS = YES;
				GCC_OPTIMIZATION_LEVEL = 0;
				GCC_PREPROCESSOR_DEFINITIONS = (
					"DEBUG=1",
					"$(inherited)",
				);
				GCC_WARN_64_TO_32_BIT_CONVERSION = YES;
				GCC_WARN_ABOUT_RETURN_TYPE = YES_ERROR;
				GCC_WARN_UNDECLARED_SELECTOR = YES;
				GCC_WARN_UNINITIALIZED_AUTOS = YES_AGGRESSIVE;
				GCC_WARN_UNUSED_FUNCTION = YES;
				GCC_WARN_UNUSED_VARIABLE = YES;
				IPHONEOS_DEPLOYMENT_TARGET = 18.4;
				LOCALIZATION_PREFERS_STRING_CATALOGS = YES;
				MTL_ENABLE_DEBUG_INFO = INCLUDE_SOURCE;
				MTL_FAST_MATH = YES;
				ONLY_ACTIVE_ARCH = YES;
				SDKROOT = iphoneos;
				SWIFT_ACTIVE_COMPILATION_CONDITIONS = "DEBUG $(inherited)";
				SWIFT_OPTIMIZATION_LEVEL = "-Onone";
			};
			name = Debug;
		};
		F902A4542DA4B4FB00ADFD20 /* Release */ = {
			isa = XCBuildConfiguration;
			buildSettings = {
				ALWAYS_SEARCH_USER_PATHS = NO;
				ASSETCATALOG_COMPILER_GENERATE_SWIFT_ASSET_SYMBOL_EXTENSIONS = YES;
				CLANG_ANALYZER_NONNULL = YES;
				CLANG_ANALYZER_NUMBER_OBJECT_CONVERSION = YES_AGGRESSIVE;
				CLANG_CXX_LANGUAGE_STANDARD = "gnu++20";
				CLANG_ENABLE_MODULES = YES;
				CLANG_ENABLE_OBJC_ARC = YES;
				CLANG_ENABLE_OBJC_WEAK = YES;
				CLANG_WARN_BLOCK_CAPTURE_AUTORELEASING = YES;
				CLANG_WARN_BOOL_CONVERSION = YES;
				CLANG_WARN_COMMA = YES;
				CLANG_WARN_CONSTANT_CONVERSION = YES;
				CLANG_WARN_DEPRECATED_OBJC_IMPLEMENTATIONS = YES;
				CLANG_WARN_DIRECT_OBJC_ISA_USAGE = YES_ERROR;
				CLANG_WARN_DOCUMENTATION_COMMENTS = YES;
				CLANG_WARN_EMPTY_BODY = YES;
				CLANG_WARN_ENUM_CONVERSION = YES;
				CLANG_WARN_INFINITE_RECURSION = YES;
				CLANG_WARN_INT_CONVERSION = YES;
				CLANG_WARN_NON_LITERAL_NULL_CONVERSION = YES;
				CLANG_WARN_OBJC_IMPLICIT_RETAIN_SELF = YES;
				CLANG_WARN_OBJC_LITERAL_CONVERSION = YES;
				CLANG_WARN_OBJC_ROOT_CLASS = YES_ERROR;
				CLANG_WARN_QUOTED_INCLUDE_IN_FRAMEWORK_HEADER = YES;
				CLANG_WARN_RANGE_LOOP_ANALYSIS = YES;
				CLANG_WARN_STRICT_PROTOTYPES = YES;
				CLANG_WARN_SUSPICIOUS_MOVE = YES;
				CLANG_WARN_UNGUARDED_AVAILABILITY = YES_AGGRESSIVE;
				CLANG_WARN_UNREACHABLE_CODE = YES;
				CLANG_WARN__DUPLICATE_METHOD_MATCH = YES;
				COPY_PHASE_STRIP = NO;
				DEBUG_INFORMATION_FORMAT = "dwarf-with-dsym";
				DEVELOPMENT_TEAM = HZX5ZA887C;
				ENABLE_NS_ASSERTIONS = NO;
				ENABLE_STRICT_OBJC_MSGSEND = YES;
				ENABLE_USER_SCRIPT_SANDBOXING = YES;
				GCC_C_LANGUAGE_STANDARD = gnu17;
				GCC_NO_COMMON_BLOCKS = YES;
				GCC_WARN_64_TO_32_BIT_CONVERSION = YES;
				GCC_WARN_ABOUT_RETURN_TYPE = YES_ERROR;
				GCC_WARN_UNDECLARED_SELECTOR = YES;
				GCC_WARN_UNINITIALIZED_AUTOS = YES_AGGRESSIVE;
				GCC_WARN_UNUSED_FUNCTION = YES;
				GCC_WARN_UNUSED_VARIABLE = YES;
				IPHONEOS_DEPLOYMENT_TARGET = 18.4;
				LOCALIZATION_PREFERS_STRING_CATALOGS = YES;
				MTL_ENABLE_DEBUG_INFO = NO;
				MTL_FAST_MATH = YES;
				SDKROOT = iphoneos;
				SWIFT_COMPILATION_MODE = wholemodule;
				VALIDATE_PRODUCT = YES;
			};
			name = Release;
		};
		F902A4562DA4B4FB00ADFD20 /* Debug */ = {
			isa = XCBuildConfiguration;
			buildSettings = {
				BUNDLE_LOADER = "$(TEST_HOST)";
				CODE_SIGN_STYLE = Automatic;
				CURRENT_PROJECT_VERSION = 1;
				DEVELOPMENT_TEAM = HZX5ZA887C;
				GENERATE_INFOPLIST_FILE = YES;
				IPHONEOS_DEPLOYMENT_TARGET = 18.4;
				MARKETING_VERSION = 1.0;
				PRODUCT_BUNDLE_IDENTIFIER = HuzenDevHouse.OutdoorAdManagerTests;
				PRODUCT_NAME = "$(TARGET_NAME)";
				SWIFT_EMIT_LOC_STRINGS = NO;
				SWIFT_VERSION = 5.0;
				TARGETED_DEVICE_FAMILY = "1,2";
				TEST_HOST = "$(BUILT_PRODUCTS_DIR)/OutdoorAdManager.app/$(BUNDLE_EXECUTABLE_FOLDER_PATH)/OutdoorAdManager";
			};
			name = Debug;
		};
		F902A4572DA4B4FB00ADFD20 /* Release */ = {
			isa = XCBuildConfiguration;
			buildSettings = {
				BUNDLE_LOADER = "$(TEST_HOST)";
				CODE_SIGN_STYLE = Automatic;
				CURRENT_PROJECT_VERSION = 1;
				DEVELOPMENT_TEAM = HZX5ZA887C;
				GENERATE_INFOPLIST_FILE = YES;
				IPHONEOS_DEPLOYMENT_TARGET = 18.4;
				MARKETING_VERSION = 1.0;
				PRODUCT_BUNDLE_IDENTIFIER = HuzenDevHouse.OutdoorAdManagerTests;
				PRODUCT_NAME = "$(TARGET_NAME)";
				SWIFT_EMIT_LOC_STRINGS = NO;
				SWIFT_VERSION = 5.0;
				TARGETED_DEVICE_FAMILY = "1,2";
				TEST_HOST = "$(BUILT_PRODUCTS_DIR)/OutdoorAdManager.app/$(BUNDLE_EXECUTABLE_FOLDER_PATH)/OutdoorAdManager";
			};
			name = Release;
		};
		F902A4592DA4B4FB00ADFD20 /* Debug */ = {
			isa = XCBuildConfiguration;
			buildSettings = {
				CODE_SIGN_STYLE = Automatic;
				CURRENT_PROJECT_VERSION = 1;
				DEVELOPMENT_TEAM = HZX5ZA887C;
				GENERATE_INFOPLIST_FILE = YES;
				MARKETING_VERSION = 1.0;
				PRODUCT_BUNDLE_IDENTIFIER = HuzenDevHouse.OutdoorAdManagerUITests;
				PRODUCT_NAME = "$(TARGET_NAME)";
				SWIFT_EMIT_LOC_STRINGS = NO;
				SWIFT_VERSION = 5.0;
				TARGETED_DEVICE_FAMILY = "1,2";
				TEST_TARGET_NAME = OutdoorAdManager;
			};
			name = Debug;
		};
		F902A45A2DA4B4FB00ADFD20 /* Release */ = {
			isa = XCBuildConfiguration;
			buildSettings = {
				CODE_SIGN_STYLE = Automatic;
				CURRENT_PROJECT_VERSION = 1;
				DEVELOPMENT_TEAM = HZX5ZA887C;
				GENERATE_INFOPLIST_FILE = YES;
				MARKETING_VERSION = 1.0;
				PRODUCT_BUNDLE_IDENTIFIER = HuzenDevHouse.OutdoorAdManagerUITests;
				PRODUCT_NAME = "$(TARGET_NAME)";
				SWIFT_EMIT_LOC_STRINGS = NO;
				SWIFT_VERSION = 5.0;
				TARGETED_DEVICE_FAMILY = "1,2";
				TEST_TARGET_NAME = OutdoorAdManager;
			};
			name = Release;
		};
/* End XCBuildConfiguration section */

/* Begin XCConfigurationList section */
		F902A41F2DA4B4FA00ADFD20 /* Build configuration list for PBXProject "OutdoorAdManager" */ = {
			isa = XCConfigurationList;
			buildConfigurations = (
				F902A4532DA4B4FB00ADFD20 /* Debug */,
				F902A4542DA4B4FB00ADFD20 /* Release */,
			);
			defaultConfigurationIsVisible = 0;
			defaultConfigurationName = Release;
		};
		F902A4502DA4B4FB00ADFD20 /* Build configuration list for PBXNativeTarget "OutdoorAdManager" */ = {
			isa = XCConfigurationList;
			buildConfigurations = (
				F902A4512DA4B4FB00ADFD20 /* Debug */,
				F902A4522DA4B4FB00ADFD20 /* Release */,
			);
			defaultConfigurationIsVisible = 0;
			defaultConfigurationName = Release;
		};
		F902A4552DA4B4FB00ADFD20 /* Build configuration list for PBXNativeTarget "OutdoorAdManagerTests" */ = {
			isa = XCConfigurationList;
			buildConfigurations = (
				F902A4562DA4B4FB00ADFD20 /* Debug */,
				F902A4572DA4B4FB00ADFD20 /* Release */,
			);
			defaultConfigurationIsVisible = 0;
			defaultConfigurationName = Release;
		};
		F902A4582DA4B4FB00ADFD20 /* Build configuration list for PBXNativeTarget "OutdoorAdManagerUITests" */ = {
			isa = XCConfigurationList;
			buildConfigurations = (
				F902A4592DA4B4FB00ADFD20 /* Debug */,
				F902A45A2DA4B4FB00ADFD20 /* Release */,
			);
			defaultConfigurationIsVisible = 0;
			defaultConfigurationName = Release;
		};
/* End XCConfigurationList section */
	};
	rootObject = F902A41C2DA4B4FA00ADFD20 /* Project object */;
}
